
Microsoft Visual Studio Solution File, Format Version 12.00
# Visual Studio Version 17
VisualStudioVersion = 17.5.2.0
MinimumVisualStudioVersion = 10.0.40219.1
Project("{FAE04EC0-301F-11D3-BF4B-00C04F79EFBC}") = "CVHub", "CVHub.csproj", "{63148815-858F-AFCF-83B2-1200F7F08858}"
EndProject
Project("{FAE04EC0-301F-11D3-BF4B-00C04F79EFBC}") = "CVHub.Tests", "CVHub.Tests\CVHub.Tests.csproj", "{B8956F29-C795-4A2A-87AF-E88282406661}"
EndProject
Global
	GlobalSection(SolutionConfigurationPlatforms) = preSolution
		Debug|Any CPU = Debug|Any CPU
		Debug|x64 = Debug|x64
		Debug|x86 = Debug|x86
		Release|Any CPU = Release|Any CPU
		Release|x64 = Release|x64
		Release|x86 = Release|x86
	EndGlobalSection
	GlobalSection(ProjectConfigurationPlatforms) = postSolution
		{63148815-858F-AFCF-83B2-1200F7F08858}.Debug|Any CPU.ActiveCfg = Debug|Any CPU
		{63148815-858F-AFCF-83B2-1200F7F08858}.Debug|Any CPU.Build.0 = Debug|Any CPU
		{63148815-858F-AFCF-83B2-1200F7F08858}.Debug|x64.ActiveCfg = Debug|Any CPU
		{63148815-858F-AFCF-83B2-1200F7F08858}.Debug|x64.Build.0 = Debug|Any CPU
		{63148815-858F-AFCF-83B2-1200F7F08858}.Debug|x86.ActiveCfg = Debug|Any CPU
		{63148815-858F-AFCF-83B2-1200F7F08858}.Debug|x86.Build.0 = Debug|Any CPU
		{63148815-858F-AFCF-83B2-1200F7F08858}.Release|Any CPU.ActiveCfg = Release|Any CPU
		{63148815-858F-AFCF-83B2-1200F7F08858}.Release|Any CPU.Build.0 = Release|Any CPU
		{63148815-858F-AFCF-83B2-1200F7F08858}.Release|x64.ActiveCfg = Release|Any CPU
		{63148815-858F-AFCF-83B2-1200F7F08858}.Release|x64.Build.0 = Release|Any CPU
		{63148815-858F-AFCF-83B2-1200F7F08858}.Release|x86.ActiveCfg = Release|Any CPU
		{63148815-858F-AFCF-83B2-1200F7F08858}.Release|x86.Build.0 = Release|Any CPU
		{B8956F29-C795-4A2A-87AF-E88282406661}.Debug|Any CPU.ActiveCfg = Debug|Any CPU
		{B8956F29-C795-4A2A-87AF-E88282406661}.Debug|Any CPU.Build.0 = Debug|Any CPU
		{B8956F29-C795-4A2A-87AF-E88282406661}.Debug|x64.ActiveCfg = Debug|Any CPU
		{B8956F29-C795-4A2A-87AF-E88282406661}.Debug|x64.Build.0 = Debug|Any CPU
		{B8956F29-C795-4A2A-87AF-E88282406661}.Debug|x86.ActiveCfg = Debug|Any CPU
		{B8956F29-C795-4A2A-87AF-E88282406661}.Debug|x86.Build.0 = Debug|Any CPU
		{B8956F29-C795-4A2A-87AF-E88282406661}.Release|Any CPU.ActiveCfg = Release|Any CPU
		{B8956F29-C795-4A2A-87AF-E88282406661}.Release|Any CPU.Build.0 = Release|Any CPU
		{B8956F29-C795-4A2A-87AF-E88282406661}.Release|x64.ActiveCfg = Release|Any CPU
		{B8956F29-C795-4A2A-87AF-E88282406661}.Release|x64.Build.0 = Release|Any CPU
		{B8956F29-C795-4A2A-87AF-E88282406661}.Release|x86.ActiveCfg = Release|Any CPU
		{B8956F29-C795-4A2A-87AF-E88282406661}.Release|x86.Build.0 = Release|Any CPU
	EndGlobalSection
	GlobalSection(SolutionProperties) = preSolution
		HideSolutionNode = FALSE
	EndGlobalSection
	GlobalSection(ExtensibilityGlobals) = postSolution
		SolutionGuid = {443F79A9-D42A-4C00-B9C6-1F951E18496C}
	EndGlobalSection
EndGlobal
